
Microsoft Visual Studio Solution File, Format Version 12.00
# Visual Studio Version 17
VisualStudioVersion = 17.9.34728.123
MinimumVisualStudioVersion = 10.0.40219.1
Project("{FAE04EC0-301F-11D3-BF4B-00C04F79EFBC}") = "Week3IfAndSwitch", "Week3IfAndSwitch\Week3IfAndSwitch.csproj", "{8E5C3918-BF11-48B5-82C4-047ABB97100C}"
EndProject
Project("{FAE04EC0-301F-11D3-BF4B-00C04F79EFBC}") = "OddOrEven", "OddOrEven\OddOrEven.csproj", "{1CBA8D1E-2983-4589-B108-F5A3D3AEB359}"
EndProject
Project("{FAE04EC0-301F-11D3-BF4B-00C04F79EFBC}") = "IfDayOfTheWeek", "IfDayOfTheWeek\IfDayOfTheWeek.csproj", "{547971AC-7012-4174-9E0C-3068A2FD4802}"
EndProject
Project("{FAE04EC0-301F-11D3-BF4B-00C04F79EFBC}") = "SwitchDayOfTheWeek", "SwitchDayOfTheWeek\SwitchDayOfTheWeek.csproj", "{0DFFBA2F-B8C4-4A8F-994C-499C1B26DE0A}"
EndProject
Global
	GlobalSection(SolutionConfigurationPlatforms) = preSolution
		Debug|Any CPU = Debug|Any CPU
		Release|Any CPU = Release|Any CPU
	EndGlobalSection
	GlobalSection(ProjectConfigurationPlatforms) = postSolution
		{8E5C3918-BF11-48B5-82C4-047ABB97100C}.Debug|Any CPU.ActiveCfg = Debug|Any CPU
		{8E5C3918-BF11-48B5-82C4-047ABB97100C}.Debug|Any CPU.Build.0 = Debug|Any CPU
		{8E5C3918-BF11-48B5-82C4-047ABB97100C}.Release|Any CPU.ActiveCfg = Release|Any CPU
		{8E5C3918-BF11-48B5-82C4-047ABB97100C}.Release|Any CPU.Build.0 = Release|Any CPU
		{1CBA8D1E-2983-4589-B108-F5A3D3AEB359}.Debug|Any CPU.ActiveCfg = Debug|Any CPU
		{1CBA8D1E-2983-4589-B108-F5A3D3AEB359}.Debug|Any CPU.Build.0 = Debug|Any CPU
		{1CBA8D1E-2983-4589-B108-F5A3D3AEB359}.Release|Any CPU.ActiveCfg = Release|Any CPU
		{1CBA8D1E-2983-4589-B108-F5A3D3AEB359}.Release|Any CPU.Build.0 = Release|Any CPU
		{547971AC-7012-4174-9E0C-3068A2FD4802}.Debug|Any CPU.ActiveCfg = Debug|Any CPU
		{547971AC-7012-4174-9E0C-3068A2FD4802}.Debug|Any CPU.Build.0 = Debug|Any CPU
		{547971AC-7012-4174-9E0C-3068A2FD4802}.Release|Any CPU.ActiveCfg = Release|Any CPU
		{547971AC-7012-4174-9E0C-3068A2FD4802}.Release|Any CPU.Build.0 = Release|Any CPU
		{0DFFBA2F-B8C4-4A8F-994C-499C1B26DE0A}.Debug|Any CPU.ActiveCfg = Debug|Any CPU
		{0DFFBA2F-B8C4-4A8F-994C-499C1B26DE0A}.Debug|Any CPU.Build.0 = Debug|Any CPU
		{0DFFBA2F-B8C4-4A8F-994C-499C1B26DE0A}.Release|Any CPU.ActiveCfg = Release|Any CPU
		{0DFFBA2F-B8C4-4A8F-994C-499C1B26DE0A}.Release|Any CPU.Build.0 = Release|Any CPU
	EndGlobalSection
	GlobalSection(SolutionProperties) = preSolution
		HideSolutionNode = FALSE
	EndGlobalSection
	GlobalSection(ExtensibilityGlobals) = postSolution
		SolutionGuid = {9F966BAD-CA9D-4897-832A-E7776B855041}
	EndGlobalSection
EndGlobal
